
Microsoft Visual Studio Solution File, Format Version 12.00
# Visual Studio Version 17
VisualStudioVersion = 17.0.31512.422
MinimumVisualStudioVersion = 10.0.40219.1
Project("{FAE04EC0-301F-11D3-BF4B-00C04F79EFBC}") = "DinerAdminV2", "DinerAdminV2\DinerAdminV2.csproj", "{55DCC19E-9B89-42A7-A02E-26192C29FA1B}"
EndProject
Global
	GlobalSection(SolutionConfigurationPlatforms) = preSolution
		Debug|Any CPU = Debug|Any CPU
		Release|Any CPU = Release|Any CPU
	EndGlobalSection
	GlobalSection(ProjectConfigurationPlatforms) = postSolution
		{55DCC19E-9B89-42A7-A02E-26192C29FA1B}.Debug|Any CPU.ActiveCfg = Debug|Any CPU
		{55DCC19E-9B89-42A7-A02E-26192C29FA1B}.Debug|Any CPU.Build.0 = Debug|Any CPU
		{55DCC19E-9B89-42A7-A02E-26192C29FA1B}.Release|Any CPU.ActiveCfg = Release|Any CPU
		{55DCC19E-9B89-42A7-A02E-26192C29FA1B}.Release|Any CPU.Build.0 = Release|Any CPU
	EndGlobalSection
	GlobalSection(SolutionProperties) = preSolution
		HideSolutionNode = FALSE
	EndGlobalSection
	GlobalSection(ExtensibilityGlobals) = postSolution
		SolutionGuid = {F3583DA4-7DF6-4581-9C39-2C5977650266}
	EndGlobalSection
EndGlobal
